
Microsoft Visual Studio Solution File, Format Version 12.00
# Visual Studio Version 17
VisualStudioVersion = 17.4.33213.308
MinimumVisualStudioVersion = 10.0.40219.1
Project("{FAE04EC0-301F-11D3-BF4B-00C04F79EFBC}") = "Ubacivanje datuma u listu", "Ubacivanje datuma u listu\Ubacivanje datuma u listu.csproj", "{BDAA266A-45B5-4526-AEDC-60AA8C134110}"
EndProject
Global
	GlobalSection(SolutionConfigurationPlatforms) = preSolution
		Debug|Any CPU = Debug|Any CPU
		Release|Any CPU = Release|Any CPU
	EndGlobalSection
	GlobalSection(ProjectConfigurationPlatforms) = postSolution
		{BDAA266A-45B5-4526-AEDC-60AA8C134110}.Debug|Any CPU.ActiveCfg = Debug|Any CPU
		{BDAA266A-45B5-4526-AEDC-60AA8C134110}.Debug|Any CPU.Build.0 = Debug|Any CPU
		{BDAA266A-45B5-4526-AEDC-60AA8C134110}.Release|Any CPU.ActiveCfg = Release|Any CPU
		{BDAA266A-45B5-4526-AEDC-60AA8C134110}.Release|Any CPU.Build.0 = Release|Any CPU
	EndGlobalSection
	GlobalSection(SolutionProperties) = preSolution
		HideSolutionNode = FALSE
	EndGlobalSection
	GlobalSection(ExtensibilityGlobals) = postSolution
		SolutionGuid = {D4ADD9CA-283E-4EBE-994A-399847EE9751}
	EndGlobalSection
EndGlobal
